github.com/zenazn/pkcs7pad v0.0.0-20170308005700-253a5b1f0e03 h1:m1h+vudopHsI67FPT9MOncyndWhTcdUoBtI1R1uajGY=
github.com/zenazn/pkcs7pad v0.0.0-20170308005700-253a5b1f0e03/go.mod h1:8sheVFH84v3PCyFY/O02mIgSQY9I6wMYPWsq7mDnEZY=
golang.org/x/crypto v0.24.0 h1:mnl8DM0o513X8fdIkmyFE/5hTYxbwYOjDS/+rK6qpRI=
golang.org/x/crypto v0.24.0/go.mod h1:Z1PMYSOR5nyMcyAVAIQSKCDwalqy85Aqn1x3Ws4L5DM=
